
Microsoft Visual Studio Solution File, Format Version 12.00
# Visual Studio 2012
Project("{FAE04EC0-301F-11D3-BF4B-00C04F79EFBC}") = "WPF_Image_Editor", "WPF_Image_Editor\WPF_Image_Editor.csproj", "{560F9600-4CA1-4F50-A089-24391D61F660}"
EndProject
Project("{FAE04EC0-301F-11D3-BF4B-00C04F79EFBC}") = "WinForm_Image_Editor", "WinForm_Image_Editor\WinForm_Image_Editor.csproj", "{37068771-1F87-40CF-B7B3-1CC3DF4E4D75}"
EndProject
Global
	GlobalSection(SolutionConfigurationPlatforms) = preSolution
		Debug|Any CPU = Debug|Any CPU
		Release|Any CPU = Release|Any CPU
	EndGlobalSection
	GlobalSection(ProjectConfigurationPlatforms) = postSolution
		{560F9600-4CA1-4F50-A089-24391D61F660}.Debug|Any CPU.ActiveCfg = Debug|Any CPU
		{560F9600-4CA1-4F50-A089-24391D61F660}.Debug|Any CPU.Build.0 = Debug|Any CPU
		{560F9600-4CA1-4F50-A089-24391D61F660}.Release|Any CPU.ActiveCfg = Release|Any CPU
		{560F9600-4CA1-4F50-A089-24391D61F660}.Release|Any CPU.Build.0 = Release|Any CPU
		{37068771-1F87-40CF-B7B3-1CC3DF4E4D75}.Debug|Any CPU.ActiveCfg = Debug|Any CPU
		{37068771-1F87-40CF-B7B3-1CC3DF4E4D75}.Debug|Any CPU.Build.0 = Debug|Any CPU
		{37068771-1F87-40CF-B7B3-1CC3DF4E4D75}.Release|Any CPU.ActiveCfg = Release|Any CPU
		{37068771-1F87-40CF-B7B3-1CC3DF4E4D75}.Release|Any CPU.Build.0 = Release|Any CPU
	EndGlobalSection
	GlobalSection(SolutionProperties) = preSolution
		HideSolutionNode = FALSE
	EndGlobalSection
EndGlobal
